// !$*UTF8*$!
{
	archiveVersion = 1;
	classes = {
	};
	objectVersion = 55;
	objects = {

/* Begin PBXBuildFile section */
		845222E427F1DC78002EEC7B /* AppDelegate.m in Sources */ = {isa = PBXBuildFile; fileRef = 845222E327F1DC78002EEC7B /* AppDelegate.m */; };
		845222E727F1DC78002EEC7B /* SceneDelegate.m in Sources */ = {isa = PBXBuildFile; fileRef = 845222E627F1DC78002EEC7B /* SceneDelegate.m */; };
		845222EA27F1DC78002EEC7B /* ViewController.m in Sources */ = {isa = PBXBuildFile; fileRef = 845222E927F1DC78002EEC7B /* ViewController.m */; };
		845222ED27F1DC78002EEC7B /* Main.storyboard in Resources */ = {isa = PBXBuildFile; fileRef = 845222EB27F1DC78002EEC7B /* Main.storyboard */; };
		845222EF27F1DC7A002EEC7B /* Assets.xcassets in Resources */ = {isa = PBXBuildFile; fileRef = 845222EE27F1DC7A002EEC7B /* Assets.xcassets */; };
		845222F227F1DC7A002EEC7B /* LaunchScreen.storyboard in Resources */ = {isa = PBXBuildFile; fileRef = 845222F027F1DC7A002EEC7B /* LaunchScreen.storyboard */; };
		845222F527F1DC7A002EEC7B /* main.m in Sources */ = {isa = PBXBuildFile; fileRef = 845222F427F1DC7A002EEC7B /* main.m */; };
		845222FF27F1DC7A002EEC7B /* JQMethodSwizzlingDemoTests.m in Sources */ = {isa = PBXBuildFile; fileRef = 845222FE27F1DC7A002EEC7B /* JQMethodSwizzlingDemoTests.m */; };
		8452230927F1DC7A002EEC7B /* JQMethodSwizzlingDemoUITests.m in Sources */ = {isa = PBXBuildFile; fileRef = 8452230827F1DC7A002EEC7B /* JQMethodSwizzlingDemoUITests.m */; };
		8452230B27F1DC7A002EEC7B /* JQMethodSwizzlingDemoUITestsLaunchTests.m in Sources */ = {isa = PBXBuildFile; fileRef = 8452230A27F1DC7A002EEC7B /* JQMethodSwizzlingDemoUITestsLaunchTests.m */; };
		8452231927F1DCFA002EEC7B /* JQPerson.m in Sources */ = {isa = PBXBuildFile; fileRef = 8452231827F1DCFA002EEC7B /* JQPerson.m */; };
		8452231C27F1DD15002EEC7B /* JQStudent.m in Sources */ = {isa = PBXBuildFile; fileRef = 8452231B27F1DD15002EEC7B /* JQStudent.m */; };
		8452231F27F1DD3B002EEC7B /* JQRuntimeTool.m in Sources */ = {isa = PBXBuildFile; fileRef = 8452231E27F1DD3B002EEC7B /* JQRuntimeTool.m */; };
		8452232227F1DD60002EEC7B /* JQStudent+JQ.m in Sources */ = {isa = PBXBuildFile; fileRef = 8452232127F1DD60002EEC7B /* JQStudent+JQ.m */; };
/* End PBXBuildFile section */

/* Begin PBXContainerItemProxy section */
		845222FB27F1DC7A002EEC7B /* PBXContainerItemProxy */ = {
			isa = PBXContainerItemProxy;
			containerPortal = 845222D727F1DC78002EEC7B /* Project object */;
			proxyType = 1;
			remoteGlobalIDString = 845222DE27F1DC78002EEC7B;
			remoteInfo = JQMethodSwizzlingDemo;
		};
		8452230527F1DC7A002EEC7B /* PBXContainerItemProxy */ = {
			isa = PBXContainerItemProxy;
			containerPortal = 845222D727F1DC78002EEC7B /* Project object */;
			proxyType = 1;
			remoteGlobalIDString = 845222DE27F1DC78002EEC7B;
			remoteInfo = JQMethodSwizzlingDemo;
		};
/* End PBXContainerItemProxy section */

/* Begin PBXFileReference section */
		845222DF27F1DC78002EEC7B /* JQMethodSwizzlingDemo.app */ = {isa = PBXFileReference; explicitFileType = wrapper.application; includeInIndex = 0; path = JQMethodSwizzlingDemo.app; sourceTree = BUILT_PRODUCTS_DIR; };
		845222E227F1DC78002EEC7B /* AppDelegate.h */ = {isa = PBXFileReference; lastKnownFileType = sourcecode.c.h; path = AppDelegate.h; sourceTree = "<group>"; };
		845222E327F1DC78002EEC7B /* AppDelegate.m */ = {isa = PBXFileReference; lastKnownFileType = sourcecode.c.objc; path = AppDelegate.m; sourceTree = "<group>"; };
		845222E527F1DC78002EEC7B /* SceneDelegate.h */ = {isa = PBXFileReference; lastKnownFileType = sourcecode.c.h; path = SceneDelegate.h; sourceTree = "<group>"; };
		845222E627F1DC78002EEC7B /* SceneDelegate.m */ = {isa = PBXFileReference; lastKnownFileType = sourcecode.c.objc; path = SceneDelegate.m; sourceTree = "<group>"; };
		845222E827F1DC78002EEC7B /* ViewController.h */ = {isa = PBXFileReference; lastKnownFileType = sourcecode.c.h; path = ViewController.h; sourceTree = "<group>"; };
		845222E927F1DC78002EEC7B /* ViewController.m */ = {isa = PBXFileReference; lastKnownFileType = sourcecode.c.objc; path = ViewController.m; sourceTree = "<group>"; };
		845222EC27F1DC78002EEC7B /* Base */ = {isa = PBXFileReference; lastKnownFileType = file.storyboard; name = Base; path = Base.lproj/Main.storyboard; sourceTree = "<group>"; };
		845222EE27F1DC7A002EEC7B /* Assets.xcassets */ = {isa = PBXFileReference; lastKnownFileType = folder.assetcatalog; path = Assets.xcassets; sourceTree = "<group>"; };
		845222F127F1DC7A002EEC7B /* Base */ = {isa = PBXFileReference; lastKnownFileType = file.storyboard; name = Base; path = Base.lproj/LaunchScreen.storyboard; sourceTree = "<group>"; };
		845222F327F1DC7A002EEC7B /* Info.plist */ = {isa = PBXFileReference; lastKnownFileType = text.plist.xml; path = Info.plist; sourceTree = "<group>"; };
		845222F427F1DC7A002EEC7B /* main.m */ = {isa = PBXFileReference; lastKnownFileType = sourcecode.c.objc; path = main.m; sourceTree = "<group>"; };
		845222FA27F1DC7A002EEC7B /* JQMethodSwizzlingDemoTests.xctest */ = {isa = PBXFileReference; explicitFileType = wrapper.cfbundle; includeInIndex = 0; path = JQMethodSwizzlingDemoTests.xctest; sourceTree = BUILT_PRODUCTS_DIR; };
		845222FE27F1DC7A002EEC7B /* JQMethodSwizzlingDemoTests.m */ = {isa = PBXFileReference; lastKnownFileType = sourcecode.c.objc; path = JQMethodSwizzlingDemoTests.m; sourceTree = "<group>"; };
		8452230427F1DC7A002EEC7B /* JQMethodSwizzlingDemoUITests.xctest */ = {isa = PBXFileReference; explicitFileType = wrapper.cfbundle; includeInIndex = 0; path = JQMethodSwizzlingDemoUITests.xctest; sourceTree = BUILT_PRODUCTS_DIR; };
		8452230827F1DC7A002EEC7B /* JQMethodSwizzlingDemoUITests.m */ = {isa = PBXFileReference; lastKnownFileType = sourcecode.c.objc; path = JQMethodSwizzlingDemoUITests.m; sourceTree = "<group>"; };
		8452230A27F1DC7A002EEC7B /* JQMethodSwizzlingDemoUITestsLaunchTests.m */ = {isa = PBXFileReference; lastKnownFileType = sourcecode.c.objc; path = JQMethodSwizzlingDemoUITestsLaunchTests.m; sourceTree = "<group>"; };
		8452231727F1DCFA002EEC7B /* JQPerson.h */ = {isa = PBXFileReference; lastKnownFileType = sourcecode.c.h; path = JQPerson.h; sourceTree = "<group>"; };
		8452231827F1DCFA002EEC7B /* JQPerson.m */ = {isa = PBXFileReference; lastKnownFileType = sourcecode.c.objc; path = JQPerson.m; sourceTree = "<group>"; };
		8452231A27F1DD15002EEC7B /* JQStudent.h */ = {isa = PBXFileReference; lastKnownFileType = sourcecode.c.h; path = JQStudent.h; sourceTree = "<group>"; };
		8452231B27F1DD15002EEC7B /* JQStudent.m */ = {isa = PBXFileReference; lastKnownFileType = sourcecode.c.objc; path = JQStudent.m; sourceTree = "<group>"; };
		8452231D27F1DD3B002EEC7B /* JQRuntimeTool.h */ = {isa = PBXFileReference; lastKnownFileType = sourcecode.c.h; path = JQRuntimeTool.h; sourceTree = "<group>"; };
		8452231E27F1DD3B002EEC7B /* JQRuntimeTool.m */ = {isa = PBXFileReference; lastKnownFileType = sourcecode.c.objc; path = JQRuntimeTool.m; sourceTree = "<group>"; };
		8452232027F1DD60002EEC7B /* JQStudent+JQ.h */ = {isa = PBXFileReference; lastKnownFileType = sourcecode.c.h; path = "JQStudent+JQ.h"; sourceTree = "<group>"; };
		8452232127F1DD60002EEC7B /* JQStudent+JQ.m */ = {isa = PBXFileReference; lastKnownFileType = sourcecode.c.objc; path = "JQStudent+JQ.m"; sourceTree = "<group>"; };
/* End PBXFileReference section */

/* Begin PBXFrameworksBuildPhase section */
		845222DC27F1DC78002EEC7B /* Frameworks */ = {
			isa = PBXFrameworksBuildPhase;
			buildActionMask = 2147483647;
			files = (
			);
			runOnlyForDeploymentPostprocessing = 0;
		};
		845222F727F1DC7A002EEC7B /* Frameworks */ = {
			isa = PBXFrameworksBuildPhase;
			buildActionMask = 2147483647;
			files = (
			);
			runOnlyForDeploymentPostprocessing = 0;
		};
		8452230127F1DC7A002EEC7B /* Frameworks */ = {
			isa = PBXFrameworksBuildPhase;
			buildActionMask = 2147483647;
			files = (
			);
			runOnlyForDeploymentPostprocessing = 0;
		};
/* End PBXFrameworksBuildPhase section */

/* Begin PBXGroup section */
		845222D627F1DC78002EEC7B = {
			isa = PBXGroup;
			children = (
				845222E127F1DC78002EEC7B /* JQMethodSwizzlingDemo */,
				845222FD27F1DC7A002EEC7B /* JQMethodSwizzlingDemoTests */,
				8452230727F1DC7A002EEC7B /* JQMethodSwizzlingDemoUITests */,
				845222E027F1DC78002EEC7B /* Products */,
			);
			sourceTree = "<group>";
		};
		845222E027F1DC78002EEC7B /* Products */ = {
			isa = PBXGroup;
			children = (
				845222DF27F1DC78002EEC7B /* JQMethodSwizzlingDemo.app */,
				845222FA27F1DC7A002EEC7B /* JQMethodSwizzlingDemoTests.xctest */,
				8452230427F1DC7A002EEC7B /* JQMethodSwizzlingDemoUITests.xctest */,
			);
			name = Products;
			sourceTree = "<group>";
		};
		845222E127F1DC78002EEC7B /* JQMethodSwizzlingDemo */ = {
			isa = PBXGroup;
			children = (
				845222E227F1DC78002EEC7B /* AppDelegate.h */,
				845222E327F1DC78002EEC7B /* AppDelegate.m */,
				845222E527F1DC78002EEC7B /* SceneDelegate.h */,
				845222E627F1DC78002EEC7B /* SceneDelegate.m */,
				845222E827F1DC78002EEC7B /* ViewController.h */,
				845222E927F1DC78002EEC7B /* ViewController.m */,
				8452231727F1DCFA002EEC7B /* JQPerson.h */,
				8452231827F1DCFA002EEC7B /* JQPerson.m */,
				8452231A27F1DD15002EEC7B /* JQStudent.h */,
				8452231B27F1DD15002EEC7B /* JQStudent.m */,
				8452231D27F1DD3B002EEC7B /* JQRuntimeTool.h */,
				8452231E27F1DD3B002EEC7B /* JQRuntimeTool.m */,
				8452232027F1DD60002EEC7B /* JQStudent+JQ.h */,
				8452232127F1DD60002EEC7B /* JQStudent+JQ.m */,
				845222EB27F1DC78002EEC7B /* Main.storyboard */,
				845222EE27F1DC7A002EEC7B /* Assets.xcassets */,
				845222F027F1DC7A002EEC7B /* LaunchScreen.storyboard */,
				845222F327F1DC7A002EEC7B /* Info.plist */,
				845222F427F1DC7A002EEC7B /* main.m */,
			);
			path = JQMethodSwizzlingDemo;
			sourceTree = "<group>";
		};
		845222FD27F1DC7A002EEC7B /* JQMethodSwizzlingDemoTests */ = {
			isa = PBXGroup;
			children = (
				845222FE27F1DC7A002EEC7B /* JQMethodSwizzlingDemoTests.m */,
			);
			path = JQMethodSwizzlingDemoTests;
			sourceTree = "<group>";
		};
		8452230727F1DC7A002EEC7B /* JQMethodSwizzlingDemoUITests */ = {
			isa = PBXGroup;
			children = (
				8452230827F1DC7A002EEC7B /* JQMethodSwizzlingDemoUITests.m */,
				8452230A27F1DC7A002EEC7B /* JQMethodSwizzlingDemoUITestsLaunchTests.m */,
			);
			path = JQMethodSwizzlingDemoUITests;
			sourceTree = "<group>";
		};
/* End PBXGroup section */

/* Begin PBXNativeTarget section */
		845222DE27F1DC78002EEC7B /* JQMethodSwizzlingDemo */ = {
			isa = PBXNativeTarget;
			buildConfigurationList = 8452230E27F1DC7A002EEC7B /* Build configuration list for PBXNativeTarget "JQMethodSwizzlingDemo" */;
			buildPhases = (
				845222DB27F1DC78002EEC7B /* Sources */,
				845222DC27F1DC78002EEC7B /* Frameworks */,
				845222DD27F1DC78002EEC7B /* Resources */,
			);
			buildRules = (
			);
			dependencies = (
			);
			name = JQMethodSwizzlingDemo;
			productName = JQMethodSwizzlingDemo;
			productReference = 845222DF27F1DC78002EEC7B /* JQMethodSwizzlingDemo.app */;
			productType = "com.apple.product-type.application";
		};
		845222F927F1DC7A002EEC7B /* JQMethodSwizzlingDemoTests */ = {
			isa = PBXNativeTarget;
			buildConfigurationList = 8452231127F1DC7A002EEC7B /* Build configuration list for PBXNativeTarget "JQMethodSwizzlingDemoTests" */;
			buildPhases = (
				845222F627F1DC7A002EEC7B /* Sources */,
				845222F727F1DC7A002EEC7B /* Frameworks */,
				845222F827F1DC7A002EEC7B /* Resources */,
			);
			buildRules = (
			);
			dependencies = (
				845222FC27F1DC7A002EEC7B /* PBXTargetDependency */,
			);
			name = JQMethodSwizzlingDemoTests;
			productName = JQMethodSwizzlingDemoTests;
			productReference = 845222FA27F1DC7A002EEC7B /* JQMethodSwizzlingDemoTests.xctest */;
			productType = "com.apple.product-type.bundle.unit-test";
		};
		8452230327F1DC7A002EEC7B /* JQMethodSwizzlingDemoUITests */ = {
			isa = PBXNativeTarget;
			buildConfigurationList = 8452231427F1DC7A002EEC7B /* Build configuration list for PBXNativeTarget "JQMethodSwizzlingDemoUITests" */;
			buildPhases = (
				8452230027F1DC7A002EEC7B /* Sources */,
				8452230127F1DC7A002EEC7B /* Frameworks */,
				8452230227F1DC7A002EEC7B /* Resources */,
			);
			buildRules = (
			);
			dependencies = (
				8452230627F1DC7A002EEC7B /* PBXTargetDependency */,
			);
			name = JQMethodSwizzlingDemoUITests;
			productName = JQMethodSwizzlingDemoUITests;
			productReference = 8452230427F1DC7A002EEC7B /* JQMethodSwizzlingDemoUITests.xctest */;
			productType = "com.apple.product-type.bundle.ui-testing";
		};
/* End PBXNativeTarget section */

/* Begin PBXProject section */
		845222D727F1DC78002EEC7B /* Project object */ = {
			isa = PBXProject;
			attributes = {
				BuildIndependentTargetsInParallel = 1;
				LastUpgradeCheck = 1320;
				TargetAttributes = {
					845222DE27F1DC78002EEC7B = {
						CreatedOnToolsVersion = 13.2.1;
					};
					845222F927F1DC7A002EEC7B = {
						CreatedOnToolsVersion = 13.2.1;
						TestTargetID = 845222DE27F1DC78002EEC7B;
					};
					8452230327F1DC7A002EEC7B = {
						CreatedOnToolsVersion = 13.2.1;
						TestTargetID = 845222DE27F1DC78002EEC7B;
					};
				};
			};
			buildConfigurationList = 845222DA27F1DC78002EEC7B /* Build configuration list for PBXProject "JQMethodSwizzlingDemo" */;
			compatibilityVersion = "Xcode 13.0";
			developmentRegion = en;
			hasScannedForEncodings = 0;
			knownRegions = (
				en,
				Base,
			);
			mainGroup = 845222D627F1DC78002EEC7B;
			productRefGroup = 845222E027F1DC78002EEC7B /* Products */;
			projectDirPath = "";
			projectRoot = "";
			targets = (
				845222DE27F1DC78002EEC7B /* JQMethodSwizzlingDemo */,
				845222F927F1DC7A002EEC7B /* JQMethodSwizzlingDemoTests */,
				8452230327F1DC7A002EEC7B /* JQMethodSwizzlingDemoUITests */,
			);
		};
/* End PBXProject section */

/* Begin PBXResourcesBuildPhase section */
		845222DD27F1DC78002EEC7B /* Resources */ = {
			isa = PBXResourcesBuildPhase;
			buildActionMask = 2147483647;
			files = (
				845222F227F1DC7A002EEC7B /* LaunchScreen.storyboard in Resources */,
				845222EF27F1DC7A002EEC7B /* Assets.xcassets in Resources */,
				845222ED27F1DC78002EEC7B /* Main.storyboard in Resources */,
			);
			runOnlyForDeploymentPostprocessing = 0;
		};
		845222F827F1DC7A002EEC7B /* Resources */ = {
			isa = PBXResourcesBuildPhase;
			buildActionMask = 2147483647;
			files = (
			);
			runOnlyForDeploymentPostprocessing = 0;
		};
		8452230227F1DC7A002EEC7B /* Resources */ = {
			isa = PBXResourcesBuildPhase;
			buildActionMask = 2147483647;
			files = (
			);
			runOnlyForDeploymentPostprocessing = 0;
		};
/* End PBXResourcesBuildPhase section */

/* Begin PBXSourcesBuildPhase section */
		845222DB27F1DC78002EEC7B /* Sources */ = {
			isa = PBXSourcesBuildPhase;
			buildActionMask = 2147483647;
			files = (
				845222EA27F1DC78002EEC7B /* ViewController.m in Sources */,
				8452232227F1DD60002EEC7B /* JQStudent+JQ.m in Sources */,
				8452231F27F1DD3B002EEC7B /* JQRuntimeTool.m in Sources */,
				845222E427F1DC78002EEC7B /* AppDelegate.m in Sources */,
				8452231C27F1DD15002EEC7B /* JQStudent.m in Sources */,
				845222F527F1DC7A002EEC7B /* main.m in Sources */,
				845222E727F1DC78002EEC7B /* SceneDelegate.m in Sources */,
				8452231927F1DCFA002EEC7B /* JQPerson.m in Sources */,
			);
			runOnlyForDeploymentPostprocessing = 0;
		};
		845222F627F1DC7A002EEC7B /* Sources */ = {
			isa = PBXSourcesBuildPhase;
			buildActionMask = 2147483647;
			files = (
				845222FF27F1DC7A002EEC7B /* JQMethodSwizzlingDemoTests.m in Sources */,
			);
			runOnlyForDeploymentPostprocessing = 0;
		};
		8452230027F1DC7A002EEC7B /* Sources */ = {
			isa = PBXSourcesBuildPhase;
			buildActionMask = 2147483647;
			files = (
				8452230927F1DC7A002EEC7B /* JQMethodSwizzlingDemoUITests.m in Sources */,
				8452230B27F1DC7A002EEC7B /* JQMethodSwizzlingDemoUITestsLaunchTests.m in Sources */,
			);
			runOnlyForDeploymentPostprocessing = 0;
		};
/* End PBXSourcesBuildPhase section */

/* Begin PBXTargetDependency section */
		845222FC27F1DC7A002EEC7B /* PBXTargetDependency */ = {
			isa = PBXTargetDependency;
			target = 845222DE27F1DC78002EEC7B /* JQMethodSwizzlingDemo */;
			targetProxy = 845222FB27F1DC7A002EEC7B /* PBXContainerItemProxy */;
		};
		8452230627F1DC7A002EEC7B /* PBXTargetDependency */ = {
			isa = PBXTargetDependency;
			target = 845222DE27F1DC78002EEC7B /* JQMethodSwizzlingDemo */;
			targetProxy = 8452230527F1DC7A002EEC7B /* PBXContainerItemProxy */;
		};
/* End PBXTargetDependency section */

/* Begin PBXVariantGroup section */
		845222EB27F1DC78002EEC7B /* Main.storyboard */ = {
			isa = PBXVariantGroup;
			children = (
				845222EC27F1DC78002EEC7B /* Base */,
			);
			name = Main.storyboard;
			sourceTree = "<group>";
		};
		845222F027F1DC7A002EEC7B /* LaunchScreen.storyboard */ = {
			isa = PBXVariantGroup;
			children = (
				845222F127F1DC7A002EEC7B /* Base */,
			);
			name = LaunchScreen.storyboard;
			sourceTree = "<group>";
		};
/* End PBXVariantGroup section */

/* Begin XCBuildConfiguration section */
		8452230C27F1DC7A002EEC7B /* Debug */ = {
			isa = XCBuildConfiguration;
			buildSettings = {
				ALWAYS_SEARCH_USER_PATHS = NO;
				CLANG_ANALYZER_NONNULL = YES;
				CLANG_ANALYZER_NUMBER_OBJECT_CONVERSION = YES_AGGRESSIVE;
				CLANG_CXX_LANGUAGE_STANDARD = "gnu++17";
				CLANG_CXX_LIBRARY = "libc++";
				CLANG_ENABLE_MODULES = YES;
				CLANG_ENABLE_OBJC_ARC = YES;
				CLANG_ENABLE_OBJC_WEAK = YES;
				CLANG_WARN_BLOCK_CAPTURE_AUTORELEASING = YES;
				CLANG_WARN_BOOL_CONVERSION = YES;
				CLANG_WARN_COMMA = YES;
				CLANG_WARN_CONSTANT_CONVERSION = YES;
				CLANG_WARN_DEPRECATED_OBJC_IMPLEMENTATIONS = YES;
				CLANG_WARN_DIRECT_OBJC_ISA_USAGE = YES_ERROR;
				CLANG_WARN_DOCUMENTATION_COMMENTS = YES;
				CLANG_WARN_EMPTY_BODY = YES;
				CLANG_WARN_ENUM_CONVERSION = YES;
				CLANG_WARN_INFINITE_RECURSION = YES;
				CLANG_WARN_INT_CONVERSION = YES;
				CLANG_WARN_NON_LITERAL_NULL_CONVERSION = YES;
				CLANG_WARN_OBJC_IMPLICIT_RETAIN_SELF = YES;
				CLANG_WARN_OBJC_LITERAL_CONVERSION = YES;
				CLANG_WARN_OBJC_ROOT_CLASS = YES_ERROR;
				CLANG_WARN_QUOTED_INCLUDE_IN_FRAMEWORK_HEADER = YES;
				CLANG_WARN_RANGE_LOOP_ANALYSIS = YES;
				CLANG_WARN_STRICT_PROTOTYPES = YES;
				CLANG_WARN_SUSPICIOUS_MOVE = YES;
				CLANG_WARN_UNGUARDED_AVAILABILITY = YES_AGGRESSIVE;
				CLANG_WARN_UNREACHABLE_CODE = YES;
				CLANG_WARN__DUPLICATE_METHOD_MATCH = YES;
				COPY_PHASE_STRIP = NO;
				DEBUG_INFORMATION_FORMAT = dwarf;
				ENABLE_STRICT_OBJC_MSGSEND = YES;
				ENABLE_TESTABILITY = YES;
				GCC_C_LANGUAGE_STANDARD = gnu11;
				GCC_DYNAMIC_NO_PIC = NO;
				GCC_NO_COMMON_BLOCKS = YES;
				GCC_OPTIMIZATION_LEVEL = 0;
				GCC_PREPROCESSOR_DEFINITIONS = (
					"DEBUG=1",
					"$(inherited)",
				);
				GCC_WARN_64_TO_32_BIT_CONVERSION = YES;
				GCC_WARN_ABOUT_RETURN_TYPE = YES_ERROR;
				GCC_WARN_UNDECLARED_SELECTOR = YES;
				GCC_WARN_UNINITIALIZED_AUTOS = YES_AGGRESSIVE;
				GCC_WARN_UNUSED_FUNCTION = YES;
				GCC_WARN_UNUSED_VARIABLE = YES;
				IPHONEOS_DEPLOYMENT_TARGET = 15.2;
				MTL_ENABLE_DEBUG_INFO = INCLUDE_SOURCE;
				MTL_FAST_MATH = YES;
				ONLY_ACTIVE_ARCH = YES;
				SDKROOT = iphoneos;
			};
			name = Debug;
		};
		8452230D27F1DC7A002EEC7B /* Release */ = {
			isa = XCBuildConfiguration;
			buildSettings = {
				ALWAYS_SEARCH_USER_PATHS = NO;
				CLANG_ANALYZER_NONNULL = YES;
				CLANG_ANALYZER_NUMBER_OBJECT_CONVERSION = YES_AGGRESSIVE;
				CLANG_CXX_LANGUAGE_STANDARD = "gnu++17";
				CLANG_CXX_LIBRARY = "libc++";
				CLANG_ENABLE_MODULES = YES;
				CLANG_ENABLE_OBJC_ARC = YES;
				CLANG_ENABLE_OBJC_WEAK = YES;
				CLANG_WARN_BLOCK_CAPTURE_AUTORELEASING = YES;
				CLANG_WARN_BOOL_CONVERSION = YES;
				CLANG_WARN_COMMA = YES;
				CLANG_WARN_CONSTANT_CONVERSION = YES;
				CLANG_WARN_DEPRECATED_OBJC_IMPLEMENTATIONS = YES;
				CLANG_WARN_DIRECT_OBJC_ISA_USAGE = YES_ERROR;
				CLANG_WARN_DOCUMENTATION_COMMENTS = YES;
				CLANG_WARN_EMPTY_BODY = YES;
				CLANG_WARN_ENUM_CONVERSION = YES;
				CLANG_WARN_INFINITE_RECURSION = YES;
				CLANG_WARN_INT_CONVERSION = YES;
				CLANG_WARN_NON_LITERAL_NULL_CONVERSION = YES;
				CLANG_WARN_OBJC_IMPLICIT_RETAIN_SELF = YES;
				CLANG_WARN_OBJC_LITERAL_CONVERSION = YES;
				CLANG_WARN_OBJC_ROOT_CLASS = YES_ERROR;
				CLANG_WARN_QUOTED_INCLUDE_IN_FRAMEWORK_HEADER = YES;
				CLANG_WARN_RANGE_LOOP_ANALYSIS = YES;
				CLANG_WARN_STRICT_PROTOTYPES = YES;
				CLANG_WARN_SUSPICIOUS_MOVE = YES;
				CLANG_WARN_UNGUARDED_AVAILABILITY = YES_AGGRESSIVE;
				CLANG_WARN_UNREACHABLE_CODE = YES;
				CLANG_WARN__DUPLICATE_METHOD_MATCH = YES;
				COPY_PHASE_STRIP = NO;
				DEBUG_INFORMATION_FORMAT = "dwarf-with-dsym";
				ENABLE_NS_ASSERTIONS = NO;
				ENABLE_STRICT_OBJC_MSGSEND = YES;
				GCC_C_LANGUAGE_STANDARD = gnu11;
				GCC_NO_COMMON_BLOCKS = YES;
				GCC_WARN_64_TO_32_BIT_CONVERSION = YES;
				GCC_WARN_ABOUT_RETURN_TYPE = YES_ERROR;
				GCC_WARN_UNDECLARED_SELECTOR = YES;
				GCC_WARN_UNINITIALIZED_AUTOS = YES_AGGRESSIVE;
				GCC_WARN_UNUSED_FUNCTION = YES;
				GCC_WARN_UNUSED_VARIABLE = YES;
				IPHONEOS_DEPLOYMENT_TARGET = 15.2;
				MTL_ENABLE_DEBUG_INFO = NO;
				MTL_FAST_MATH = YES;
				SDKROOT = iphoneos;
				VALIDATE_PRODUCT = YES;
			};
			name = Release;
		};
		8452230F27F1DC7A002EEC7B /* Debug */ = {
			isa = XCBuildConfiguration;
			buildSettings = {
				ASSETCATALOG_COMPILER_APPICON_NAME = AppIcon;
				ASSETCATALOG_COMPILER_GLOBAL_ACCENT_COLOR_NAME = AccentColor;
				CODE_SIGN_STYLE = Automatic;
				CURRENT_PROJECT_VERSION = 1;
				DEVELOPMENT_TEAM = RA48Z9N9G5;
				GENERATE_INFOPLIST_FILE = YES;
				INFOPLIST_FILE = JQMethodSwizzlingDemo/Info.plist;
				INFOPLIST_KEY_UIApplicationSupportsIndirectInputEvents = YES;
				INFOPLIST_KEY_UILaunchStoryboardName = LaunchScreen;
				INFOPLIST_KEY_UIMainStoryboardFile = Main;
				INFOPLIST_KEY_UISupportedInterfaceOrientations_iPad = "UIInterfaceOrientationPortrait UIInterfaceOrientationPortraitUpsideDown UIInterfaceOrientationLandscapeLeft UIInterfaceOrientationLandscapeRight";
				INFOPLIST_KEY_UISupportedInterfaceOrientations_iPhone = "UIInterfaceOrientationPortrait UIInterfaceOrientationLandscapeLeft UIInterfaceOrientationLandscapeRight";
				LD_RUNPATH_SEARCH_PATHS = (
					"$(inherited)",
					"@executable_path/Frameworks",
				);
				MARKETING_VERSION = 1.0;
				PRODUCT_BUNDLE_IDENTIFIER = com.jinqianchina.JQMethodSwizzlingDemo;
				PRODUCT_NAME = "$(TARGET_NAME)";
				SWIFT_EMIT_LOC_STRINGS = YES;
				TARGETED_DEVICE_FAMILY = "1,2";
			};
			name = Debug;
		};
		8452231027F1DC7A002EEC7B /* Release */ = {
			isa = XCBuildConfiguration;
			buildSettings = {
				ASSETCATALOG_COMPILER_APPICON_NAME = AppIcon;
				ASSETCATALOG_COMPILER_GLOBAL_ACCENT_COLOR_NAME = AccentColor;
				CODE_SIGN_STYLE = Automatic;
				CURRENT_PROJECT_VERSION = 1;
				DEVELOPMENT_TEAM = RA48Z9N9G5;
				GENERATE_INFOPLIST_FILE = YES;
				INFOPLIST_FILE = JQMethodSwizzlingDemo/Info.plist;
				INFOPLIST_KEY_UIApplicationSupportsIndirectInputEvents = YES;
				INFOPLIST_KEY_UILaunchStoryboardName = LaunchScreen;
				INFOPLIST_KEY_UIMainStoryboardFile = Main;
				INFOPLIST_KEY_UISupportedInterfaceOrientations_iPad = "UIInterfaceOrientationPortrait UIInterfaceOrientationPortraitUpsideDown UIInterfaceOrientationLandscapeLeft UIInterfaceOrientationLandscapeRight";
				INFOPLIST_KEY_UISupportedInterfaceOrientations_iPhone = "UIInterfaceOrientationPortrait UIInterfaceOrientationLandscapeLeft UIInterfaceOrientationLandscapeRight";
				LD_RUNPATH_SEARCH_PATHS = (
					"$(inherited)",
					"@executable_path/Frameworks",
				);
				MARKETING_VERSION = 1.0;
				PRODUCT_BUNDLE_IDENTIFIER = com.jinqianchina.JQMethodSwizzlingDemo;
				PRODUCT_NAME = "$(TARGET_NAME)";
				SWIFT_EMIT_LOC_STRINGS = YES;
				TARGETED_DEVICE_FAMILY = "1,2";
			};
			name = Release;
		};
		8452231227F1DC7A002EEC7B /* Debug */ = {
			isa = XCBuildConfiguration;
			buildSettings = {
				BUNDLE_LOADER = "$(TEST_HOST)";
				CODE_SIGN_STYLE = Automatic;
				CURRENT_PROJECT_VERSION = 1;
				DEVELOPMENT_TEAM = RA48Z9N9G5;
				GENERATE_INFOPLIST_FILE = YES;
				IPHONEOS_DEPLOYMENT_TARGET = 15.2;
				MARKETING_VERSION = 1.0;
				PRODUCT_BUNDLE_IDENTIFIER = com.jinqianchina.JQMethodSwizzlingDemoTests;
				PRODUCT_NAME = "$(TARGET_NAME)";
				SWIFT_EMIT_LOC_STRINGS = NO;
				TARGETED_DEVICE_FAMILY = "1,2";
				TEST_HOST = "$(BUILT_PRODUCTS_DIR)/JQMethodSwizzlingDemo.app/JQMethodSwizzlingDemo";
			};
			name = Debug;
		};
		8452231327F1DC7A002EEC7B /* Release */ = {
			isa = XCBuildConfiguration;
			buildSettings = {
				BUNDLE_LOADER = "$(TEST_HOST)";
				CODE_SIGN_STYLE = Automatic;
				CURRENT_PROJECT_VERSION = 1;
				DEVELOPMENT_TEAM = RA48Z9N9G5;
				GENERATE_INFOPLIST_FILE = YES;
				IPHONEOS_DEPLOYMENT_TARGET = 15.2;
				MARKETING_VERSION = 1.0;
				PRODUCT_BUNDLE_IDENTIFIER = com.jinqianchina.JQMethodSwizzlingDemoTests;
				PRODUCT_NAME = "$(TARGET_NAME)";
				SWIFT_EMIT_LOC_STRINGS = NO;
				TARGETED_DEVICE_FAMILY = "1,2";
				TEST_HOST = "$(BUILT_PRODUCTS_DIR)/JQMethodSwizzlingDemo.app/JQMethodSwizzlingDemo";
			};
			name = Release;
		};
		8452231527F1DC7A002EEC7B /* Debug */ = {
			isa = XCBuildConfiguration;
			buildSettings = {
				CODE_SIGN_STYLE = Automatic;
				CURRENT_PROJECT_VERSION = 1;
				DEVELOPMENT_TEAM = RA48Z9N9G5;
				GENERATE_INFOPLIST_FILE = YES;
				MARKETING_VERSION = 1.0;
				PRODUCT_BUNDLE_IDENTIFIER = com.jinqianchina.JQMethodSwizzlingDemoUITests;
				PRODUCT_NAME = "$(TARGET_NAME)";
				SWIFT_EMIT_LOC_STRINGS = NO;
				TARGETED_DEVICE_FAMILY = "1,2";
				TEST_TARGET_NAME = JQMethodSwizzlingDemo;
			};
			name = Debug;
		};
		8452231627F1DC7A002EEC7B /* Release */ = {
			isa = XCBuildConfiguration;
			buildSettings = {
				CODE_SIGN_STYLE = Automatic;
				CURRENT_PROJECT_VERSION = 1;
				DEVELOPMENT_TEAM = RA48Z9N9G5;
				GENERATE_INFOPLIST_FILE = YES;
				MARKETING_VERSION = 1.0;
				PRODUCT_BUNDLE_IDENTIFIER = com.jinqianchina.JQMethodSwizzlingDemoUITests;
				PRODUCT_NAME = "$(TARGET_NAME)";
				SWIFT_EMIT_LOC_STRINGS = NO;
				TARGETED_DEVICE_FAMILY = "1,2";
				TEST_TARGET_NAME = JQMethodSwizzlingDemo;
			};
			name = Release;
		};
/* End XCBuildConfiguration section */

/* Begin XCConfigurationList section */
		845222DA27F1DC78002EEC7B /* Build configuration list for PBXProject "JQMethodSwizzlingDemo" */ = {
			isa = XCConfigurationList;
			buildConfigurations = (
				8452230C27F1DC7A002EEC7B /* Debug */,
				8452230D27F1DC7A002EEC7B /* Release */,
			);
			defaultConfigurationIsVisible = 0;
			defaultConfigurationName = Release;
		};
		8452230E27F1DC7A002EEC7B /* Build configuration list for PBXNativeTarget "JQMethodSwizzlingDemo" */ = {
			isa = XCConfigurationList;
			buildConfigurations = (
				8452230F27F1DC7A002EEC7B /* Debug */,
				8452231027F1DC7A002EEC7B /* Release */,
			);
			defaultConfigurationIsVisible = 0;
			defaultConfigurationName = Release;
		};
		8452231127F1DC7A002EEC7B /* Build configuration list for PBXNativeTarget "JQMethodSwizzlingDemoTests" */ = {
			isa = XCConfigurationList;
			buildConfigurations = (
				8452231227F1DC7A002EEC7B /* Debug */,
				8452231327F1DC7A002EEC7B /* Release */,
			);
			defaultConfigurationIsVisible = 0;
			defaultConfigurationName = Release;
		};
		8452231427F1DC7A002EEC7B /* Build configuration list for PBXNativeTarget "JQMethodSwizzlingDemoUITests" */ = {
			isa = XCConfigurationList;
			buildConfigurations = (
				8452231527F1DC7A002EEC7B /* Debug */,
				8452231627F1DC7A002EEC7B /* Release */,
			);
			defaultConfigurationIsVisible = 0;
			defaultConfigurationName = Release;
		};
/* End XCConfigurationList section */
	};
	rootObject = 845222D727F1DC78002EEC7B /* Project object */;
}
